
Microsoft Visual Studio Solution File, Format Version 12.00
# Visual Studio Version 16
VisualStudioVersion = 16.0.30804.86
MinimumVisualStudioVersion = 10.0.40219.1
Project("{9A19103F-16F7-4668-BE54-9A1E7A4F7556}") = "Main", "Main\Main.csproj", "{092F184A-E21C-4225-9358-718CBCB86967}"
EndProject
Project("{FAE04EC0-301F-11D3-BF4B-00C04F79EFBC}") = "DriverLibrary", "DriverLibrary\DriverLibrary.csproj", "{0F05B66C-D841-4B1D-A8FA-F575E615AFF5}"
EndProject
Project("{FAE04EC0-301F-11D3-BF4B-00C04F79EFBC}") = "VehicleLibrary", "VehicleLibrary\VehicleLibrary.csproj", "{1090791F-2B12-47BD-A683-15C58C04C184}"
EndProject
Global
	GlobalSection(SolutionConfigurationPlatforms) = preSolution
		Debug|Any CPU = Debug|Any CPU
		Release|Any CPU = Release|Any CPU
	EndGlobalSection
	GlobalSection(ProjectConfigurationPlatforms) = postSolution
		{092F184A-E21C-4225-9358-718CBCB86967}.Debug|Any CPU.ActiveCfg = Debug|Any CPU
		{092F184A-E21C-4225-9358-718CBCB86967}.Debug|Any CPU.Build.0 = Debug|Any CPU
		{092F184A-E21C-4225-9358-718CBCB86967}.Release|Any CPU.ActiveCfg = Release|Any CPU
		{092F184A-E21C-4225-9358-718CBCB86967}.Release|Any CPU.Build.0 = Release|Any CPU
		{0F05B66C-D841-4B1D-A8FA-F575E615AFF5}.Debug|Any CPU.ActiveCfg = Debug|Any CPU
		{0F05B66C-D841-4B1D-A8FA-F575E615AFF5}.Debug|Any CPU.Build.0 = Debug|Any CPU
		{0F05B66C-D841-4B1D-A8FA-F575E615AFF5}.Release|Any CPU.ActiveCfg = Release|Any CPU
		{0F05B66C-D841-4B1D-A8FA-F575E615AFF5}.Release|Any CPU.Build.0 = Release|Any CPU
		{1090791F-2B12-47BD-A683-15C58C04C184}.Debug|Any CPU.ActiveCfg = Debug|Any CPU
		{1090791F-2B12-47BD-A683-15C58C04C184}.Debug|Any CPU.Build.0 = Debug|Any CPU
		{1090791F-2B12-47BD-A683-15C58C04C184}.Release|Any CPU.ActiveCfg = Release|Any CPU
		{1090791F-2B12-47BD-A683-15C58C04C184}.Release|Any CPU.Build.0 = Release|Any CPU
	EndGlobalSection
	GlobalSection(SolutionProperties) = preSolution
		HideSolutionNode = FALSE
	EndGlobalSection
	GlobalSection(ExtensibilityGlobals) = postSolution
		SolutionGuid = {E03F2F01-EAA3-42D0-981E-0105892718A1}
	EndGlobalSection
EndGlobal
