
Microsoft Visual Studio Solution File, Format Version 12.00
# Visual Studio Version 16
VisualStudioVersion = 16.0.30804.86
MinimumVisualStudioVersion = 10.0.40219.1
Project("{FAE04EC0-301F-11D3-BF4B-00C04F79EFBC}") = "Main", "Main\Main.csproj", "{092F184A-E21C-4225-9358-718CBCB86967}"
EndProject
Project("{FAE04EC0-301F-11D3-BF4B-00C04F79EFBC}") = "DriverLibrary", "DriverLibrary\DriverLibrary.csproj", "{F508FD64-390F-4FC8-8237-B5B31CF2903F}"
EndProject
Project("{FAE04EC0-301F-11D3-BF4B-00C04F79EFBC}") = "CarLibrary", "CarLibrary\CarLibrary.csproj", "{08746472-AF86-4FA7-A3F5-88579A04DD81}"
EndProject
Global
	GlobalSection(SolutionConfigurationPlatforms) = preSolution
		Debug|Any CPU = Debug|Any CPU
		Release|Any CPU = Release|Any CPU
	EndGlobalSection
	GlobalSection(ProjectConfigurationPlatforms) = postSolution
		{092F184A-E21C-4225-9358-718CBCB86967}.Debug|Any CPU.ActiveCfg = Debug|Any CPU
		{092F184A-E21C-4225-9358-718CBCB86967}.Debug|Any CPU.Build.0 = Debug|Any CPU
		{092F184A-E21C-4225-9358-718CBCB86967}.Release|Any CPU.ActiveCfg = Release|Any CPU
		{092F184A-E21C-4225-9358-718CBCB86967}.Release|Any CPU.Build.0 = Release|Any CPU
		{F508FD64-390F-4FC8-8237-B5B31CF2903F}.Debug|Any CPU.ActiveCfg = Debug|Any CPU
		{F508FD64-390F-4FC8-8237-B5B31CF2903F}.Debug|Any CPU.Build.0 = Debug|Any CPU
		{F508FD64-390F-4FC8-8237-B5B31CF2903F}.Release|Any CPU.ActiveCfg = Release|Any CPU
		{F508FD64-390F-4FC8-8237-B5B31CF2903F}.Release|Any CPU.Build.0 = Release|Any CPU
		{08746472-AF86-4FA7-A3F5-88579A04DD81}.Debug|Any CPU.ActiveCfg = Debug|Any CPU
		{08746472-AF86-4FA7-A3F5-88579A04DD81}.Debug|Any CPU.Build.0 = Debug|Any CPU
		{08746472-AF86-4FA7-A3F5-88579A04DD81}.Release|Any CPU.ActiveCfg = Release|Any CPU
		{08746472-AF86-4FA7-A3F5-88579A04DD81}.Release|Any CPU.Build.0 = Release|Any CPU
	EndGlobalSection
	GlobalSection(SolutionProperties) = preSolution
		HideSolutionNode = FALSE
	EndGlobalSection
	GlobalSection(ExtensibilityGlobals) = postSolution
		SolutionGuid = {E03F2F01-EAA3-42D0-981E-0105892718A1}
	EndGlobalSection
EndGlobal
